
Microsoft Visual Studio Solution File, Format Version 10.00
# Visual C++ Express 2008
Project("{8BC9CEB8-8B4A-11D0-8D11-00A0C91BC942}") = "cyCore", "cyCore\cyCore.vcproj", "{59404A8C-B888-4279-88B8-672DA966ABEF}"
EndProject
Global
	GlobalSection(SolutionConfigurationPlatforms) = preSolution
		Debug|Win32 = Debug|Win32
		Release|Win32 = Release|Win32
	EndGlobalSection
	GlobalSection(ProjectConfigurationPlatforms) = postSolution
		{59404A8C-B888-4279-88B8-672DA966ABEF}.Debug|Win32.ActiveCfg = Debug|Win32
		{59404A8C-B888-4279-88B8-672DA966ABEF}.Debug|Win32.Build.0 = Debug|Win32
		{59404A8C-B888-4279-88B8-672DA966ABEF}.Release|Win32.ActiveCfg = Release|Win32
		{59404A8C-B888-4279-88B8-672DA966ABEF}.Release|Win32.Build.0 = Release|Win32
	EndGlobalSection
	GlobalSection(SolutionProperties) = preSolution
		HideSolutionNode = FALSE
	EndGlobalSection
EndGlobal
